
Microsoft Visual Studio Solution File, Format Version 12.00
# Visual Studio Version 16
VisualStudioVersion = 16.0.28917.182
MinimumVisualStudioVersion = 10.0.40219.1
Project("{FAE04EC0-301F-11D3-BF4B-00C04F79EFBC}") = "LoadingIndicators.WPF", "LoadingIndicators.WPF\LoadingIndicators.WPF.csproj", "{E49229CC-D702-478F-90E0-6E1A284272F6}"
EndProject
Project("{FAE04EC0-301F-11D3-BF4B-00C04F79EFBC}") = "LoadingIndicatorsDemo", "LoadingIndicatorsDemo\LoadingIndicatorsDemo.csproj", "{19A62938-372C-40A9-9622-A9141F4F0F45}"
EndProject
Project("{FAE04EC0-301F-11D3-BF4B-00C04F79EFBC}") = "LoadingIndicatorsDemo.Core", "LoadingIndicatorsDemo.Core\LoadingIndicatorsDemo.Core.csproj", "{36F7CE6A-4791-4431-93F6-55877E1593BA}"
EndProject
Global
	GlobalSection(SolutionConfigurationPlatforms) = preSolution
		Debug|Any CPU = Debug|Any CPU
		Release|Any CPU = Release|Any CPU
	EndGlobalSection
	GlobalSection(ProjectConfigurationPlatforms) = postSolution
		{E49229CC-D702-478F-90E0-6E1A284272F6}.Debug|Any CPU.ActiveCfg = Debug|Any CPU
		{E49229CC-D702-478F-90E0-6E1A284272F6}.Debug|Any CPU.Build.0 = Debug|Any CPU
		{E49229CC-D702-478F-90E0-6E1A284272F6}.Release|Any CPU.ActiveCfg = Release|Any CPU
		{E49229CC-D702-478F-90E0-6E1A284272F6}.Release|Any CPU.Build.0 = Release|Any CPU
		{19A62938-372C-40A9-9622-A9141F4F0F45}.Debug|Any CPU.ActiveCfg = Debug|Any CPU
		{19A62938-372C-40A9-9622-A9141F4F0F45}.Debug|Any CPU.Build.0 = Debug|Any CPU
		{19A62938-372C-40A9-9622-A9141F4F0F45}.Release|Any CPU.ActiveCfg = Release|Any CPU
		{19A62938-372C-40A9-9622-A9141F4F0F45}.Release|Any CPU.Build.0 = Release|Any CPU
		{36F7CE6A-4791-4431-93F6-55877E1593BA}.Debug|Any CPU.ActiveCfg = Debug|Any CPU
		{36F7CE6A-4791-4431-93F6-55877E1593BA}.Debug|Any CPU.Build.0 = Debug|Any CPU
		{36F7CE6A-4791-4431-93F6-55877E1593BA}.Release|Any CPU.ActiveCfg = Release|Any CPU
		{36F7CE6A-4791-4431-93F6-55877E1593BA}.Release|Any CPU.Build.0 = Release|Any CPU
	EndGlobalSection
	GlobalSection(SolutionProperties) = preSolution
		HideSolutionNode = FALSE
	EndGlobalSection
	GlobalSection(ExtensibilityGlobals) = postSolution
		SolutionGuid = {9D57BD9F-784A-41D1-9B68-932EB3E05317}
	EndGlobalSection
EndGlobal
